
Microsoft Visual Studio Solution File, Format Version 12.00
# Visual Studio 15
VisualStudioVersion = 15.0.27703.2047
MinimumVisualStudioVersion = 10.0.40219.1
Project("{FAE04EC0-301F-11D3-BF4B-00C04F79EFBC}") = "Crypto_Lab04", "Crypto_Lab04\Crypto_Lab04.csproj", "{0D7E76DB-4631-40EA-A8CA-3075B4167FBC}"
EndProject
Global
	GlobalSection(SolutionConfigurationPlatforms) = preSolution
		Debug|Any CPU = Debug|Any CPU
		Release|Any CPU = Release|Any CPU
	EndGlobalSection
	GlobalSection(ProjectConfigurationPlatforms) = postSolution
		{0D7E76DB-4631-40EA-A8CA-3075B4167FBC}.Debug|Any CPU.ActiveCfg = Debug|Any CPU
		{0D7E76DB-4631-40EA-A8CA-3075B4167FBC}.Debug|Any CPU.Build.0 = Debug|Any CPU
		{0D7E76DB-4631-40EA-A8CA-3075B4167FBC}.Release|Any CPU.ActiveCfg = Release|Any CPU
		{0D7E76DB-4631-40EA-A8CA-3075B4167FBC}.Release|Any CPU.Build.0 = Release|Any CPU
	EndGlobalSection
	GlobalSection(SolutionProperties) = preSolution
		HideSolutionNode = FALSE
	EndGlobalSection
	GlobalSection(ExtensibilityGlobals) = postSolution
		SolutionGuid = {0818D330-A662-407C-A819-BE39BE423C07}
	EndGlobalSection
EndGlobal
